// !$*UTF8*$!
{
	archiveVersion = 1;
	classes = {
	};
	objectVersion = 55;
	objects = {

/* Begin PBXBuildFile section */
		C47C439A272FC82D009B5EF7 /* TaskTypeCell.swift in Sources */ = {isa = PBXBuildFile; fileRef = C47C4398272FC82D009B5EF7 /* TaskTypeCell.swift */; };
		C47C439B272FC82D009B5EF7 /* TaskTypeCell.xib in Resources */ = {isa = PBXBuildFile; fileRef = C47C4399272FC82D009B5EF7 /* TaskTypeCell.xib */; };
		C48F078F27292AB800412D6A /* AppDelegate.swift in Sources */ = {isa = PBXBuildFile; fileRef = C48F078E27292AB800412D6A /* AppDelegate.swift */; };
		C48F079127292AB800412D6A /* SceneDelegate.swift in Sources */ = {isa = PBXBuildFile; fileRef = C48F079027292AB800412D6A /* SceneDelegate.swift */; };
		C48F079627292AB800412D6A /* Main.storyboard in Resources */ = {isa = PBXBuildFile; fileRef = C48F079427292AB800412D6A /* Main.storyboard */; };
		C48F079827292ABA00412D6A /* Assets.xcassets in Resources */ = {isa = PBXBuildFile; fileRef = C48F079727292ABA00412D6A /* Assets.xcassets */; };
		C48F079B27292ABA00412D6A /* LaunchScreen.storyboard in Resources */ = {isa = PBXBuildFile; fileRef = C48F079927292ABA00412D6A /* LaunchScreen.storyboard */; };
		C48F07A327292B9C00412D6A /* TaskListController.swift in Sources */ = {isa = PBXBuildFile; fileRef = C48F07A227292B9C00412D6A /* TaskListController.swift */; };
		C48F07A627292D5900412D6A /* Task.swift in Sources */ = {isa = PBXBuildFile; fileRef = C48F07A527292D5900412D6A /* Task.swift */; };
		C48F07AA27293A7400412D6A /* TaskCell.swift in Sources */ = {isa = PBXBuildFile; fileRef = C48F07A927293A7400412D6A /* TaskCell.swift */; };
		C4C2AF91272C1CC800C87E87 /* TaskEditController.swift in Sources */ = {isa = PBXBuildFile; fileRef = C4C2AF90272C1CC800C87E87 /* TaskEditController.swift */; };
		C4C2AF93272C31FA00C87E87 /* TaskTypeController.swift in Sources */ = {isa = PBXBuildFile; fileRef = C4C2AF92272C31FA00C87E87 /* TaskTypeController.swift */; };
/* End PBXBuildFile section */

/* Begin PBXFileReference section */
		C47C4398272FC82D009B5EF7 /* TaskTypeCell.swift */ = {isa = PBXFileReference; lastKnownFileType = sourcecode.swift; path = TaskTypeCell.swift; sourceTree = "<group>"; };
		C47C4399272FC82D009B5EF7 /* TaskTypeCell.xib */ = {isa = PBXFileReference; lastKnownFileType = file.xib; path = TaskTypeCell.xib; sourceTree = "<group>"; };
		C48F078B27292AB800412D6A /* To-Do Manager.app */ = {isa = PBXFileReference; explicitFileType = wrapper.application; includeInIndex = 0; path = "To-Do Manager.app"; sourceTree = BUILT_PRODUCTS_DIR; };
		C48F078E27292AB800412D6A /* AppDelegate.swift */ = {isa = PBXFileReference; lastKnownFileType = sourcecode.swift; path = AppDelegate.swift; sourceTree = "<group>"; };
		C48F079027292AB800412D6A /* SceneDelegate.swift */ = {isa = PBXFileReference; lastKnownFileType = sourcecode.swift; path = SceneDelegate.swift; sourceTree = "<group>"; };
		C48F079527292AB800412D6A /* Base */ = {isa = PBXFileReference; lastKnownFileType = file.storyboard; name = Base; path = Base.lproj/Main.storyboard; sourceTree = "<group>"; };
		C48F079727292ABA00412D6A /* Assets.xcassets */ = {isa = PBXFileReference; lastKnownFileType = folder.assetcatalog; path = Assets.xcassets; sourceTree = "<group>"; };
		C48F079A27292ABA00412D6A /* Base */ = {isa = PBXFileReference; lastKnownFileType = file.storyboard; name = Base; path = Base.lproj/LaunchScreen.storyboard; sourceTree = "<group>"; };
		C48F079C27292ABA00412D6A /* Info.plist */ = {isa = PBXFileReference; lastKnownFileType = text.plist.xml; path = Info.plist; sourceTree = "<group>"; };
		C48F07A227292B9C00412D6A /* TaskListController.swift */ = {isa = PBXFileReference; lastKnownFileType = sourcecode.swift; path = TaskListController.swift; sourceTree = "<group>"; };
		C48F07A527292D5900412D6A /* Task.swift */ = {isa = PBXFileReference; lastKnownFileType = sourcecode.swift; path = Task.swift; sourceTree = "<group>"; };
		C48F07A927293A7400412D6A /* TaskCell.swift */ = {isa = PBXFileReference; lastKnownFileType = sourcecode.swift; path = TaskCell.swift; sourceTree = "<group>"; };
		C4C2AF90272C1CC800C87E87 /* TaskEditController.swift */ = {isa = PBXFileReference; lastKnownFileType = sourcecode.swift; path = TaskEditController.swift; sourceTree = "<group>"; };
		C4C2AF92272C31FA00C87E87 /* TaskTypeController.swift */ = {isa = PBXFileReference; lastKnownFileType = sourcecode.swift; path = TaskTypeController.swift; sourceTree = "<group>"; };
/* End PBXFileReference section */

/* Begin PBXFrameworksBuildPhase section */
		C48F078827292AB800412D6A /* Frameworks */ = {
			isa = PBXFrameworksBuildPhase;
			buildActionMask = 2147483647;
			files = (
			);
			runOnlyForDeploymentPostprocessing = 0;
		};
/* End PBXFrameworksBuildPhase section */

/* Begin PBXGroup section */
		C48F078227292AB800412D6A = {
			isa = PBXGroup;
			children = (
				C48F078D27292AB800412D6A /* To-Do Manager */,
				C48F078C27292AB800412D6A /* Products */,
			);
			sourceTree = "<group>";
		};
		C48F078C27292AB800412D6A /* Products */ = {
			isa = PBXGroup;
			children = (
				C48F078B27292AB800412D6A /* To-Do Manager.app */,
			);
			name = Products;
			sourceTree = "<group>";
		};
		C48F078D27292AB800412D6A /* To-Do Manager */ = {
			isa = PBXGroup;
			children = (
				C48F07A427292D4F00412D6A /* Model */,
				C48F07A727293A2B00412D6A /* View */,
				C48F078E27292AB800412D6A /* AppDelegate.swift */,
				C48F079027292AB800412D6A /* SceneDelegate.swift */,
				C48F07A227292B9C00412D6A /* TaskListController.swift */,
				C4C2AF90272C1CC800C87E87 /* TaskEditController.swift */,
				C48F079427292AB800412D6A /* Main.storyboard */,
				C48F079727292ABA00412D6A /* Assets.xcassets */,
				C48F079927292ABA00412D6A /* LaunchScreen.storyboard */,
				C48F079C27292ABA00412D6A /* Info.plist */,
				C4C2AF92272C31FA00C87E87 /* TaskTypeController.swift */,
			);
			path = "To-Do Manager";
			sourceTree = "<group>";
		};
		C48F07A427292D4F00412D6A /* Model */ = {
			isa = PBXGroup;
			children = (
				C48F07A527292D5900412D6A /* Task.swift */,
			);
			path = Model;
			sourceTree = "<group>";
		};
		C48F07A727293A2B00412D6A /* View */ = {
			isa = PBXGroup;
			children = (
				C48F07A827293A4200412D6A /* Cells */,
			);
			path = View;
			sourceTree = "<group>";
		};
		C48F07A827293A4200412D6A /* Cells */ = {
			isa = PBXGroup;
			children = (
				C48F07A927293A7400412D6A /* TaskCell.swift */,
				C47C4398272FC82D009B5EF7 /* TaskTypeCell.swift */,
				C47C4399272FC82D009B5EF7 /* TaskTypeCell.xib */,
			);
			path = Cells;
			sourceTree = "<group>";
		};
/* End PBXGroup section */

/* Begin PBXNativeTarget section */
		C48F078A27292AB800412D6A /* To-Do Manager */ = {
			isa = PBXNativeTarget;
			buildConfigurationList = C48F079F27292ABA00412D6A /* Build configuration list for PBXNativeTarget "To-Do Manager" */;
			buildPhases = (
				C48F078727292AB800412D6A /* Sources */,
				C48F078827292AB800412D6A /* Frameworks */,
				C48F078927292AB800412D6A /* Resources */,
			);
			buildRules = (
			);
			dependencies = (
			);
			name = "To-Do Manager";
			productName = "To-Do Manager";
			productReference = C48F078B27292AB800412D6A /* To-Do Manager.app */;
			productType = "com.apple.product-type.application";
		};
/* End PBXNativeTarget section */

/* Begin PBXProject section */
		C48F078327292AB800412D6A /* Project object */ = {
			isa = PBXProject;
			attributes = {
				BuildIndependentTargetsInParallel = 1;
				LastSwiftUpdateCheck = 1300;
				LastUpgradeCheck = 1300;
				TargetAttributes = {
					C48F078A27292AB800412D6A = {
						CreatedOnToolsVersion = 13.0;
					};
				};
			};
			buildConfigurationList = C48F078627292AB800412D6A /* Build configuration list for PBXProject "To-Do Manager" */;
			compatibilityVersion = "Xcode 13.0";
			developmentRegion = en;
			hasScannedForEncodings = 0;
			knownRegions = (
				en,
				Base,
			);
			mainGroup = C48F078227292AB800412D6A;
			productRefGroup = C48F078C27292AB800412D6A /* Products */;
			projectDirPath = "";
			projectRoot = "";
			targets = (
				C48F078A27292AB800412D6A /* To-Do Manager */,
			);
		};
/* End PBXProject section */

/* Begin PBXResourcesBuildPhase section */
		C48F078927292AB800412D6A /* Resources */ = {
			isa = PBXResourcesBuildPhase;
			buildActionMask = 2147483647;
			files = (
				C48F079B27292ABA00412D6A /* LaunchScreen.storyboard in Resources */,
				C48F079827292ABA00412D6A /* Assets.xcassets in Resources */,
				C47C439B272FC82D009B5EF7 /* TaskTypeCell.xib in Resources */,
				C48F079627292AB800412D6A /* Main.storyboard in Resources */,
			);
			runOnlyForDeploymentPostprocessing = 0;
		};
/* End PBXResourcesBuildPhase section */

/* Begin PBXSourcesBuildPhase section */
		C48F078727292AB800412D6A /* Sources */ = {
			isa = PBXSourcesBuildPhase;
			buildActionMask = 2147483647;
			files = (
				C48F07A627292D5900412D6A /* Task.swift in Sources */,
				C48F078F27292AB800412D6A /* AppDelegate.swift in Sources */,
				C47C439A272FC82D009B5EF7 /* TaskTypeCell.swift in Sources */,
				C4C2AF93272C31FA00C87E87 /* TaskTypeController.swift in Sources */,
				C48F079127292AB800412D6A /* SceneDelegate.swift in Sources */,
				C48F07A327292B9C00412D6A /* TaskListController.swift in Sources */,
				C4C2AF91272C1CC800C87E87 /* TaskEditController.swift in Sources */,
				C48F07AA27293A7400412D6A /* TaskCell.swift in Sources */,
			);
			runOnlyForDeploymentPostprocessing = 0;
		};
/* End PBXSourcesBuildPhase section */

/* Begin PBXVariantGroup section */
		C48F079427292AB800412D6A /* Main.storyboard */ = {
			isa = PBXVariantGroup;
			children = (
				C48F079527292AB800412D6A /* Base */,
			);
			name = Main.storyboard;
			sourceTree = "<group>";
		};
		C48F079927292ABA00412D6A /* LaunchScreen.storyboard */ = {
			isa = PBXVariantGroup;
			children = (
				C48F079A27292ABA00412D6A /* Base */,
			);
			name = LaunchScreen.storyboard;
			sourceTree = "<group>";
		};
/* End PBXVariantGroup section */

/* Begin XCBuildConfiguration section */
		C48F079D27292ABA00412D6A /* Debug */ = {
			isa = XCBuildConfiguration;
			buildSettings = {
				ALWAYS_SEARCH_USER_PATHS = NO;
				CLANG_ANALYZER_NONNULL = YES;
				CLANG_ANALYZER_NUMBER_OBJECT_CONVERSION = YES_AGGRESSIVE;
				CLANG_CXX_LANGUAGE_STANDARD = "gnu++17";
				CLANG_CXX_LIBRARY = "libc++";
				CLANG_ENABLE_MODULES = YES;
				CLANG_ENABLE_OBJC_ARC = YES;
				CLANG_ENABLE_OBJC_WEAK = YES;
				CLANG_WARN_BLOCK_CAPTURE_AUTORELEASING = YES;
				CLANG_WARN_BOOL_CONVERSION = YES;
				CLANG_WARN_COMMA = YES;
				CLANG_WARN_CONSTANT_CONVERSION = YES;
				CLANG_WARN_DEPRECATED_OBJC_IMPLEMENTATIONS = YES;
				CLANG_WARN_DIRECT_OBJC_ISA_USAGE = YES_ERROR;
				CLANG_WARN_DOCUMENTATION_COMMENTS = YES;
				CLANG_WARN_EMPTY_BODY = YES;
				CLANG_WARN_ENUM_CONVERSION = YES;
				CLANG_WARN_INFINITE_RECURSION = YES;
				CLANG_WARN_INT_CONVERSION = YES;
				CLANG_WARN_NON_LITERAL_NULL_CONVERSION = YES;
				CLANG_WARN_OBJC_IMPLICIT_RETAIN_SELF = YES;
				CLANG_WARN_OBJC_LITERAL_CONVERSION = YES;
				CLANG_WARN_OBJC_ROOT_CLASS = YES_ERROR;
				CLANG_WARN_QUOTED_INCLUDE_IN_FRAMEWORK_HEADER = YES;
				CLANG_WARN_RANGE_LOOP_ANALYSIS = YES;
				CLANG_WARN_STRICT_PROTOTYPES = YES;
				CLANG_WARN_SUSPICIOUS_MOVE = YES;
				CLANG_WARN_UNGUARDED_AVAILABILITY = YES_AGGRESSIVE;
				CLANG_WARN_UNREACHABLE_CODE = YES;
				CLANG_WARN__DUPLICATE_METHOD_MATCH = YES;
				COPY_PHASE_STRIP = NO;
				DEBUG_INFORMATION_FORMAT = dwarf;
				ENABLE_STRICT_OBJC_MSGSEND = YES;
				ENABLE_TESTABILITY = YES;
				GCC_C_LANGUAGE_STANDARD = gnu11;
				GCC_DYNAMIC_NO_PIC = NO;
				GCC_NO_COMMON_BLOCKS = YES;
				GCC_OPTIMIZATION_LEVEL = 0;
				GCC_PREPROCESSOR_DEFINITIONS = (
					"DEBUG=1",
					"$(inherited)",
				);
				GCC_WARN_64_TO_32_BIT_CONVERSION = YES;
				GCC_WARN_ABOUT_RETURN_TYPE = YES_ERROR;
				GCC_WARN_UNDECLARED_SELECTOR = YES;
				GCC_WARN_UNINITIALIZED_AUTOS = YES_AGGRESSIVE;
				GCC_WARN_UNUSED_FUNCTION = YES;
				GCC_WARN_UNUSED_VARIABLE = YES;
				IPHONEOS_DEPLOYMENT_TARGET = 15.0;
				MTL_ENABLE_DEBUG_INFO = INCLUDE_SOURCE;
				MTL_FAST_MATH = YES;
				ONLY_ACTIVE_ARCH = YES;
				SDKROOT = iphoneos;
				SWIFT_ACTIVE_COMPILATION_CONDITIONS = DEBUG;
				SWIFT_OPTIMIZATION_LEVEL = "-Onone";
			};
			name = Debug;
		};
		C48F079E27292ABA00412D6A /* Release */ = {
			isa = XCBuildConfiguration;
			buildSettings = {
				ALWAYS_SEARCH_USER_PATHS = NO;
				CLANG_ANALYZER_NONNULL = YES;
				CLANG_ANALYZER_NUMBER_OBJECT_CONVERSION = YES_AGGRESSIVE;
				CLANG_CXX_LANGUAGE_STANDARD = "gnu++17";
				CLANG_CXX_LIBRARY = "libc++";
				CLANG_ENABLE_MODULES = YES;
				CLANG_ENABLE_OBJC_ARC = YES;
				CLANG_ENABLE_OBJC_WEAK = YES;
				CLANG_WARN_BLOCK_CAPTURE_AUTORELEASING = YES;
				CLANG_WARN_BOOL_CONVERSION = YES;
				CLANG_WARN_COMMA = YES;
				CLANG_WARN_CONSTANT_CONVERSION = YES;
				CLANG_WARN_DEPRECATED_OBJC_IMPLEMENTATIONS = YES;
				CLANG_WARN_DIRECT_OBJC_ISA_USAGE = YES_ERROR;
				CLANG_WARN_DOCUMENTATION_COMMENTS = YES;
				CLANG_WARN_EMPTY_BODY = YES;
				CLANG_WARN_ENUM_CONVERSION = YES;
				CLANG_WARN_INFINITE_RECURSION = YES;
				CLANG_WARN_INT_CONVERSION = YES;
				CLANG_WARN_NON_LITERAL_NULL_CONVERSION = YES;
				CLANG_WARN_OBJC_IMPLICIT_RETAIN_SELF = YES;
				CLANG_WARN_OBJC_LITERAL_CONVERSION = YES;
				CLANG_WARN_OBJC_ROOT_CLASS = YES_ERROR;
				CLANG_WARN_QUOTED_INCLUDE_IN_FRAMEWORK_HEADER = YES;
				CLANG_WARN_RANGE_LOOP_ANALYSIS = YES;
				CLANG_WARN_STRICT_PROTOTYPES = YES;
				CLANG_WARN_SUSPICIOUS_MOVE = YES;
				CLANG_WARN_UNGUARDED_AVAILABILITY = YES_AGGRESSIVE;
				CLANG_WARN_UNREACHABLE_CODE = YES;
				CLANG_WARN__DUPLICATE_METHOD_MATCH = YES;
				COPY_PHASE_STRIP = NO;
				DEBUG_INFORMATION_FORMAT = "dwarf-with-dsym";
				ENABLE_NS_ASSERTIONS = NO;
				ENABLE_STRICT_OBJC_MSGSEND = YES;
				GCC_C_LANGUAGE_STANDARD = gnu11;
				GCC_NO_COMMON_BLOCKS = YES;
				GCC_WARN_64_TO_32_BIT_CONVERSION = YES;
				GCC_WARN_ABOUT_RETURN_TYPE = YES_ERROR;
				GCC_WARN_UNDECLARED_SELECTOR = YES;
				GCC_WARN_UNINITIALIZED_AUTOS = YES_AGGRESSIVE;
				GCC_WARN_UNUSED_FUNCTION = YES;
				GCC_WARN_UNUSED_VARIABLE = YES;
				IPHONEOS_DEPLOYMENT_TARGET = 15.0;
				MTL_ENABLE_DEBUG_INFO = NO;
				MTL_FAST_MATH = YES;
				SDKROOT = iphoneos;
				SWIFT_COMPILATION_MODE = wholemodule;
				SWIFT_OPTIMIZATION_LEVEL = "-O";
				VALIDATE_PRODUCT = YES;
			};
			name = Release;
		};
		C48F07A027292ABA00412D6A /* Debug */ = {
			isa = XCBuildConfiguration;
			buildSettings = {
				ASSETCATALOG_COMPILER_APPICON_NAME = AppIcon;
				ASSETCATALOG_COMPILER_GLOBAL_ACCENT_COLOR_NAME = AccentColor;
				CODE_SIGN_STYLE = Automatic;
				CURRENT_PROJECT_VERSION = 1;
				DEVELOPMENT_TEAM = RH635DP52L;
				GENERATE_INFOPLIST_FILE = YES;
				INFOPLIST_FILE = "To-Do Manager/Info.plist";
				INFOPLIST_KEY_UIApplicationSupportsIndirectInputEvents = YES;
				INFOPLIST_KEY_UILaunchStoryboardName = LaunchScreen;
				INFOPLIST_KEY_UIMainStoryboardFile = Main;
				INFOPLIST_KEY_UISupportedInterfaceOrientations_iPad = "UIInterfaceOrientationPortrait UIInterfaceOrientationPortraitUpsideDown UIInterfaceOrientationLandscapeLeft UIInterfaceOrientationLandscapeRight";
				INFOPLIST_KEY_UISupportedInterfaceOrientations_iPhone = "UIInterfaceOrientationPortrait UIInterfaceOrientationLandscapeLeft UIInterfaceOrientationLandscapeRight";
				LD_RUNPATH_SEARCH_PATHS = (
					"$(inherited)",
					"@executable_path/Frameworks",
				);
				MARKETING_VERSION = 1.0;
				PRODUCT_BUNDLE_IDENTIFIER = "com.ya.To-Do-Manager";
				PRODUCT_NAME = "$(TARGET_NAME)";
				SWIFT_EMIT_LOC_STRINGS = YES;
				SWIFT_VERSION = 5.0;
				TARGETED_DEVICE_FAMILY = "1,2";
			};
			name = Debug;
		};
		C48F07A127292ABA00412D6A /* Release */ = {
			isa = XCBuildConfiguration;
			buildSettings = {
				ASSETCATALOG_COMPILER_APPICON_NAME = AppIcon;
				ASSETCATALOG_COMPILER_GLOBAL_ACCENT_COLOR_NAME = AccentColor;
				CODE_SIGN_STYLE = Automatic;
				CURRENT_PROJECT_VERSION = 1;
				DEVELOPMENT_TEAM = RH635DP52L;
				GENERATE_INFOPLIST_FILE = YES;
				INFOPLIST_FILE = "To-Do Manager/Info.plist";
				INFOPLIST_KEY_UIApplicationSupportsIndirectInputEvents = YES;
				INFOPLIST_KEY_UILaunchStoryboardName = LaunchScreen;
				INFOPLIST_KEY_UIMainStoryboardFile = Main;
				INFOPLIST_KEY_UISupportedInterfaceOrientations_iPad = "UIInterfaceOrientationPortrait UIInterfaceOrientationPortraitUpsideDown UIInterfaceOrientationLandscapeLeft UIInterfaceOrientationLandscapeRight";
				INFOPLIST_KEY_UISupportedInterfaceOrientations_iPhone = "UIInterfaceOrientationPortrait UIInterfaceOrientationLandscapeLeft UIInterfaceOrientationLandscapeRight";
				LD_RUNPATH_SEARCH_PATHS = (
					"$(inherited)",
					"@executable_path/Frameworks",
				);
				MARKETING_VERSION = 1.0;
				PRODUCT_BUNDLE_IDENTIFIER = "com.ya.To-Do-Manager";
				PRODUCT_NAME = "$(TARGET_NAME)";
				SWIFT_EMIT_LOC_STRINGS = YES;
				SWIFT_VERSION = 5.0;
				TARGETED_DEVICE_FAMILY = "1,2";
			};
			name = Release;
		};
/* End XCBuildConfiguration section */

/* Begin XCConfigurationList section */
		C48F078627292AB800412D6A /* Build configuration list for PBXProject "To-Do Manager" */ = {
			isa = XCConfigurationList;
			buildConfigurations = (
				C48F079D27292ABA00412D6A /* Debug */,
				C48F079E27292ABA00412D6A /* Release */,
			);
			defaultConfigurationIsVisible = 0;
			defaultConfigurationName = Release;
		};
		C48F079F27292ABA00412D6A /* Build configuration list for PBXNativeTarget "To-Do Manager" */ = {
			isa = XCConfigurationList;
			buildConfigurations = (
				C48F07A027292ABA00412D6A /* Debug */,
				C48F07A127292ABA00412D6A /* Release */,
			);
			defaultConfigurationIsVisible = 0;
			defaultConfigurationName = Release;
		};
/* End XCConfigurationList section */
	};
	rootObject = C48F078327292AB800412D6A /* Project object */;
}
