// !$*UTF8*$!
{
	archiveVersion = 1;
	classes = {
	};
	objectVersion = 55;
	objects = {

/* Begin PBXBuildFile section */
		C41CEB87278C35A700753ADB /* ParticlesView.swift in Sources */ = {isa = PBXBuildFile; fileRef = C41CEB86278C35A700753ADB /* ParticlesView.swift */; };
		C41CEB89278C360000753ADB /* ParticalScene.sks in Resources */ = {isa = PBXBuildFile; fileRef = C41CEB88278C360000753ADB /* ParticalScene.sks */; };
		C454C91B2786D9D5007E5DDB /* CurrentWeather.swift in Sources */ = {isa = PBXBuildFile; fileRef = C454C91A2786D9D5007E5DDB /* CurrentWeather.swift */; };
		C454C91D2786DAF1007E5DDB /* IconWeatherManager.swift in Sources */ = {isa = PBXBuildFile; fileRef = C454C91C2786DAF1007E5DDB /* IconWeatherManager.swift */; };
		C454C91F2786F156007E5DDB /* APIManager.swift in Sources */ = {isa = PBXBuildFile; fileRef = C454C91E2786F156007E5DDB /* APIManager.swift */; };
		C454C9212786F4A9007E5DDB /* ErrorManager.swift in Sources */ = {isa = PBXBuildFile; fileRef = C454C9202786F4A9007E5DDB /* ErrorManager.swift */; };
		C454C9242786F86E007E5DDB /* APIWeatherManager.swift in Sources */ = {isa = PBXBuildFile; fileRef = C454C9232786F86D007E5DDB /* APIWeatherManager.swift */; };
		C46E31422785DB1A0075A248 /* AppDelegate.swift in Sources */ = {isa = PBXBuildFile; fileRef = C46E31412785DB1A0075A248 /* AppDelegate.swift */; };
		C46E31442785DB1A0075A248 /* SceneDelegate.swift in Sources */ = {isa = PBXBuildFile; fileRef = C46E31432785DB1A0075A248 /* SceneDelegate.swift */; };
		C46E31462785DB1A0075A248 /* ViewController.swift in Sources */ = {isa = PBXBuildFile; fileRef = C46E31452785DB1A0075A248 /* ViewController.swift */; };
		C46E31492785DB1A0075A248 /* Main.storyboard in Resources */ = {isa = PBXBuildFile; fileRef = C46E31472785DB1A0075A248 /* Main.storyboard */; };
		C46E314B2785DB1B0075A248 /* Assets.xcassets in Resources */ = {isa = PBXBuildFile; fileRef = C46E314A2785DB1B0075A248 /* Assets.xcassets */; };
		C46E314E2785DB1B0075A248 /* LaunchScreen.storyboard in Resources */ = {isa = PBXBuildFile; fileRef = C46E314C2785DB1B0075A248 /* LaunchScreen.storyboard */; };
/* End PBXBuildFile section */

/* Begin PBXFileReference section */
		C41CEB86278C35A700753ADB /* ParticlesView.swift */ = {isa = PBXFileReference; lastKnownFileType = sourcecode.swift; path = ParticlesView.swift; sourceTree = "<group>"; };
		C41CEB88278C360000753ADB /* ParticalScene.sks */ = {isa = PBXFileReference; lastKnownFileType = file.sks; path = ParticalScene.sks; sourceTree = "<group>"; };
		C454C91A2786D9D5007E5DDB /* CurrentWeather.swift */ = {isa = PBXFileReference; lastKnownFileType = sourcecode.swift; path = CurrentWeather.swift; sourceTree = "<group>"; };
		C454C91C2786DAF1007E5DDB /* IconWeatherManager.swift */ = {isa = PBXFileReference; lastKnownFileType = sourcecode.swift; path = IconWeatherManager.swift; sourceTree = "<group>"; };
		C454C91E2786F156007E5DDB /* APIManager.swift */ = {isa = PBXFileReference; lastKnownFileType = sourcecode.swift; path = APIManager.swift; sourceTree = "<group>"; };
		C454C9202786F4A9007E5DDB /* ErrorManager.swift */ = {isa = PBXFileReference; lastKnownFileType = sourcecode.swift; path = ErrorManager.swift; sourceTree = "<group>"; };
		C454C9232786F86D007E5DDB /* APIWeatherManager.swift */ = {isa = PBXFileReference; lastKnownFileType = sourcecode.swift; path = APIWeatherManager.swift; sourceTree = "<group>"; };
		C46E313E2785DB1A0075A248 /* WeatherApp.app */ = {isa = PBXFileReference; explicitFileType = wrapper.application; includeInIndex = 0; path = WeatherApp.app; sourceTree = BUILT_PRODUCTS_DIR; };
		C46E31412785DB1A0075A248 /* AppDelegate.swift */ = {isa = PBXFileReference; lastKnownFileType = sourcecode.swift; path = AppDelegate.swift; sourceTree = "<group>"; };
		C46E31432785DB1A0075A248 /* SceneDelegate.swift */ = {isa = PBXFileReference; lastKnownFileType = sourcecode.swift; path = SceneDelegate.swift; sourceTree = "<group>"; };
		C46E31452785DB1A0075A248 /* ViewController.swift */ = {isa = PBXFileReference; lastKnownFileType = sourcecode.swift; path = ViewController.swift; sourceTree = "<group>"; };
		C46E31482785DB1A0075A248 /* Base */ = {isa = PBXFileReference; lastKnownFileType = file.storyboard; name = Base; path = Base.lproj/Main.storyboard; sourceTree = "<group>"; };
		C46E314A2785DB1B0075A248 /* Assets.xcassets */ = {isa = PBXFileReference; lastKnownFileType = folder.assetcatalog; path = Assets.xcassets; sourceTree = "<group>"; };
		C46E314D2785DB1B0075A248 /* Base */ = {isa = PBXFileReference; lastKnownFileType = file.storyboard; name = Base; path = Base.lproj/LaunchScreen.storyboard; sourceTree = "<group>"; };
		C46E314F2785DB1B0075A248 /* Info.plist */ = {isa = PBXFileReference; lastKnownFileType = text.plist.xml; path = Info.plist; sourceTree = "<group>"; };
/* End PBXFileReference section */

/* Begin PBXFrameworksBuildPhase section */
		C46E313B2785DB1A0075A248 /* Frameworks */ = {
			isa = PBXFrameworksBuildPhase;
			buildActionMask = 2147483647;
			files = (
			);
			runOnlyForDeploymentPostprocessing = 0;
		};
/* End PBXFrameworksBuildPhase section */

/* Begin PBXGroup section */
		C454C9222786F4CA007E5DDB /* weather model */ = {
			isa = PBXGroup;
			children = (
				C454C91A2786D9D5007E5DDB /* CurrentWeather.swift */,
				C454C91C2786DAF1007E5DDB /* IconWeatherManager.swift */,
			);
			path = "weather model";
			sourceTree = "<group>";
		};
		C46E31352785DB1A0075A248 = {
			isa = PBXGroup;
			children = (
				C46E31402785DB1A0075A248 /* WeatherApp */,
				C46E313F2785DB1A0075A248 /* Products */,
			);
			sourceTree = "<group>";
		};
		C46E313F2785DB1A0075A248 /* Products */ = {
			isa = PBXGroup;
			children = (
				C46E313E2785DB1A0075A248 /* WeatherApp.app */,
			);
			name = Products;
			sourceTree = "<group>";
		};
		C46E31402785DB1A0075A248 /* WeatherApp */ = {
			isa = PBXGroup;
			children = (
				C454C91E2786F156007E5DDB /* APIManager.swift */,
				C454C9232786F86D007E5DDB /* APIWeatherManager.swift */,
				C454C9202786F4A9007E5DDB /* ErrorManager.swift */,
				C46E31412785DB1A0075A248 /* AppDelegate.swift */,
				C46E31432785DB1A0075A248 /* SceneDelegate.swift */,
				C46E31452785DB1A0075A248 /* ViewController.swift */,
				C454C9222786F4CA007E5DDB /* weather model */,
				C46E31472785DB1A0075A248 /* Main.storyboard */,
				C41CEB88278C360000753ADB /* ParticalScene.sks */,
				C41CEB86278C35A700753ADB /* ParticlesView.swift */,
				C46E314A2785DB1B0075A248 /* Assets.xcassets */,
				C46E314C2785DB1B0075A248 /* LaunchScreen.storyboard */,
				C46E314F2785DB1B0075A248 /* Info.plist */,
			);
			path = WeatherApp;
			sourceTree = "<group>";
		};
/* End PBXGroup section */

/* Begin PBXNativeTarget section */
		C46E313D2785DB1A0075A248 /* WeatherApp */ = {
			isa = PBXNativeTarget;
			buildConfigurationList = C46E31522785DB1B0075A248 /* Build configuration list for PBXNativeTarget "WeatherApp" */;
			buildPhases = (
				C46E313A2785DB1A0075A248 /* Sources */,
				C46E313B2785DB1A0075A248 /* Frameworks */,
				C46E313C2785DB1A0075A248 /* Resources */,
			);
			buildRules = (
			);
			dependencies = (
			);
			name = WeatherApp;
			productName = WeatherApp;
			productReference = C46E313E2785DB1A0075A248 /* WeatherApp.app */;
			productType = "com.apple.product-type.application";
		};
/* End PBXNativeTarget section */

/* Begin PBXProject section */
		C46E31362785DB1A0075A248 /* Project object */ = {
			isa = PBXProject;
			attributes = {
				BuildIndependentTargetsInParallel = 1;
				LastSwiftUpdateCheck = 1320;
				LastUpgradeCheck = 1320;
				TargetAttributes = {
					C46E313D2785DB1A0075A248 = {
						CreatedOnToolsVersion = 13.2.1;
					};
				};
			};
			buildConfigurationList = C46E31392785DB1A0075A248 /* Build configuration list for PBXProject "WeatherApp" */;
			compatibilityVersion = "Xcode 13.0";
			developmentRegion = en;
			hasScannedForEncodings = 0;
			knownRegions = (
				en,
				Base,
			);
			mainGroup = C46E31352785DB1A0075A248;
			productRefGroup = C46E313F2785DB1A0075A248 /* Products */;
			projectDirPath = "";
			projectRoot = "";
			targets = (
				C46E313D2785DB1A0075A248 /* WeatherApp */,
			);
		};
/* End PBXProject section */

/* Begin PBXResourcesBuildPhase section */
		C46E313C2785DB1A0075A248 /* Resources */ = {
			isa = PBXResourcesBuildPhase;
			buildActionMask = 2147483647;
			files = (
				C46E314E2785DB1B0075A248 /* LaunchScreen.storyboard in Resources */,
				C46E314B2785DB1B0075A248 /* Assets.xcassets in Resources */,
				C41CEB89278C360000753ADB /* ParticalScene.sks in Resources */,
				C46E31492785DB1A0075A248 /* Main.storyboard in Resources */,
			);
			runOnlyForDeploymentPostprocessing = 0;
		};
/* End PBXResourcesBuildPhase section */

/* Begin PBXSourcesBuildPhase section */
		C46E313A2785DB1A0075A248 /* Sources */ = {
			isa = PBXSourcesBuildPhase;
			buildActionMask = 2147483647;
			files = (
				C454C91F2786F156007E5DDB /* APIManager.swift in Sources */,
				C46E31462785DB1A0075A248 /* ViewController.swift in Sources */,
				C41CEB87278C35A700753ADB /* ParticlesView.swift in Sources */,
				C454C9212786F4A9007E5DDB /* ErrorManager.swift in Sources */,
				C46E31422785DB1A0075A248 /* AppDelegate.swift in Sources */,
				C454C91B2786D9D5007E5DDB /* CurrentWeather.swift in Sources */,
				C46E31442785DB1A0075A248 /* SceneDelegate.swift in Sources */,
				C454C91D2786DAF1007E5DDB /* IconWeatherManager.swift in Sources */,
				C454C9242786F86E007E5DDB /* APIWeatherManager.swift in Sources */,
			);
			runOnlyForDeploymentPostprocessing = 0;
		};
/* End PBXSourcesBuildPhase section */

/* Begin PBXVariantGroup section */
		C46E31472785DB1A0075A248 /* Main.storyboard */ = {
			isa = PBXVariantGroup;
			children = (
				C46E31482785DB1A0075A248 /* Base */,
			);
			name = Main.storyboard;
			sourceTree = "<group>";
		};
		C46E314C2785DB1B0075A248 /* LaunchScreen.storyboard */ = {
			isa = PBXVariantGroup;
			children = (
				C46E314D2785DB1B0075A248 /* Base */,
			);
			name = LaunchScreen.storyboard;
			sourceTree = "<group>";
		};
/* End PBXVariantGroup section */

/* Begin XCBuildConfiguration section */
		C46E31502785DB1B0075A248 /* Debug */ = {
			isa = XCBuildConfiguration;
			buildSettings = {
				ALWAYS_SEARCH_USER_PATHS = NO;
				CLANG_ANALYZER_NONNULL = YES;
				CLANG_ANALYZER_NUMBER_OBJECT_CONVERSION = YES_AGGRESSIVE;
				CLANG_CXX_LANGUAGE_STANDARD = "gnu++17";
				CLANG_CXX_LIBRARY = "libc++";
				CLANG_ENABLE_MODULES = YES;
				CLANG_ENABLE_OBJC_ARC = YES;
				CLANG_ENABLE_OBJC_WEAK = YES;
				CLANG_WARN_BLOCK_CAPTURE_AUTORELEASING = YES;
				CLANG_WARN_BOOL_CONVERSION = YES;
				CLANG_WARN_COMMA = YES;
				CLANG_WARN_CONSTANT_CONVERSION = YES;
				CLANG_WARN_DEPRECATED_OBJC_IMPLEMENTATIONS = YES;
				CLANG_WARN_DIRECT_OBJC_ISA_USAGE = YES_ERROR;
				CLANG_WARN_DOCUMENTATION_COMMENTS = YES;
				CLANG_WARN_EMPTY_BODY = YES;
				CLANG_WARN_ENUM_CONVERSION = YES;
				CLANG_WARN_INFINITE_RECURSION = YES;
				CLANG_WARN_INT_CONVERSION = YES;
				CLANG_WARN_NON_LITERAL_NULL_CONVERSION = YES;
				CLANG_WARN_OBJC_IMPLICIT_RETAIN_SELF = YES;
				CLANG_WARN_OBJC_LITERAL_CONVERSION = YES;
				CLANG_WARN_OBJC_ROOT_CLASS = YES_ERROR;
				CLANG_WARN_QUOTED_INCLUDE_IN_FRAMEWORK_HEADER = YES;
				CLANG_WARN_RANGE_LOOP_ANALYSIS = YES;
				CLANG_WARN_STRICT_PROTOTYPES = YES;
				CLANG_WARN_SUSPICIOUS_MOVE = YES;
				CLANG_WARN_UNGUARDED_AVAILABILITY = YES_AGGRESSIVE;
				CLANG_WARN_UNREACHABLE_CODE = YES;
				CLANG_WARN__DUPLICATE_METHOD_MATCH = YES;
				COPY_PHASE_STRIP = NO;
				DEBUG_INFORMATION_FORMAT = dwarf;
				ENABLE_STRICT_OBJC_MSGSEND = YES;
				ENABLE_TESTABILITY = YES;
				GCC_C_LANGUAGE_STANDARD = gnu11;
				GCC_DYNAMIC_NO_PIC = NO;
				GCC_NO_COMMON_BLOCKS = YES;
				GCC_OPTIMIZATION_LEVEL = 0;
				GCC_PREPROCESSOR_DEFINITIONS = (
					"DEBUG=1",
					"$(inherited)",
				);
				GCC_WARN_64_TO_32_BIT_CONVERSION = YES;
				GCC_WARN_ABOUT_RETURN_TYPE = YES_ERROR;
				GCC_WARN_UNDECLARED_SELECTOR = YES;
				GCC_WARN_UNINITIALIZED_AUTOS = YES_AGGRESSIVE;
				GCC_WARN_UNUSED_FUNCTION = YES;
				GCC_WARN_UNUSED_VARIABLE = YES;
				IPHONEOS_DEPLOYMENT_TARGET = 15.2;
				MTL_ENABLE_DEBUG_INFO = INCLUDE_SOURCE;
				MTL_FAST_MATH = YES;
				ONLY_ACTIVE_ARCH = YES;
				SDKROOT = iphoneos;
				SWIFT_ACTIVE_COMPILATION_CONDITIONS = DEBUG;
				SWIFT_OPTIMIZATION_LEVEL = "-Onone";
			};
			name = Debug;
		};
		C46E31512785DB1B0075A248 /* Release */ = {
			isa = XCBuildConfiguration;
			buildSettings = {
				ALWAYS_SEARCH_USER_PATHS = NO;
				CLANG_ANALYZER_NONNULL = YES;
				CLANG_ANALYZER_NUMBER_OBJECT_CONVERSION = YES_AGGRESSIVE;
				CLANG_CXX_LANGUAGE_STANDARD = "gnu++17";
				CLANG_CXX_LIBRARY = "libc++";
				CLANG_ENABLE_MODULES = YES;
				CLANG_ENABLE_OBJC_ARC = YES;
				CLANG_ENABLE_OBJC_WEAK = YES;
				CLANG_WARN_BLOCK_CAPTURE_AUTORELEASING = YES;
				CLANG_WARN_BOOL_CONVERSION = YES;
				CLANG_WARN_COMMA = YES;
				CLANG_WARN_CONSTANT_CONVERSION = YES;
				CLANG_WARN_DEPRECATED_OBJC_IMPLEMENTATIONS = YES;
				CLANG_WARN_DIRECT_OBJC_ISA_USAGE = YES_ERROR;
				CLANG_WARN_DOCUMENTATION_COMMENTS = YES;
				CLANG_WARN_EMPTY_BODY = YES;
				CLANG_WARN_ENUM_CONVERSION = YES;
				CLANG_WARN_INFINITE_RECURSION = YES;
				CLANG_WARN_INT_CONVERSION = YES;
				CLANG_WARN_NON_LITERAL_NULL_CONVERSION = YES;
				CLANG_WARN_OBJC_IMPLICIT_RETAIN_SELF = YES;
				CLANG_WARN_OBJC_LITERAL_CONVERSION = YES;
				CLANG_WARN_OBJC_ROOT_CLASS = YES_ERROR;
				CLANG_WARN_QUOTED_INCLUDE_IN_FRAMEWORK_HEADER = YES;
				CLANG_WARN_RANGE_LOOP_ANALYSIS = YES;
				CLANG_WARN_STRICT_PROTOTYPES = YES;
				CLANG_WARN_SUSPICIOUS_MOVE = YES;
				CLANG_WARN_UNGUARDED_AVAILABILITY = YES_AGGRESSIVE;
				CLANG_WARN_UNREACHABLE_CODE = YES;
				CLANG_WARN__DUPLICATE_METHOD_MATCH = YES;
				COPY_PHASE_STRIP = NO;
				DEBUG_INFORMATION_FORMAT = "dwarf-with-dsym";
				ENABLE_NS_ASSERTIONS = NO;
				ENABLE_STRICT_OBJC_MSGSEND = YES;
				GCC_C_LANGUAGE_STANDARD = gnu11;
				GCC_NO_COMMON_BLOCKS = YES;
				GCC_WARN_64_TO_32_BIT_CONVERSION = YES;
				GCC_WARN_ABOUT_RETURN_TYPE = YES_ERROR;
				GCC_WARN_UNDECLARED_SELECTOR = YES;
				GCC_WARN_UNINITIALIZED_AUTOS = YES_AGGRESSIVE;
				GCC_WARN_UNUSED_FUNCTION = YES;
				GCC_WARN_UNUSED_VARIABLE = YES;
				IPHONEOS_DEPLOYMENT_TARGET = 15.2;
				MTL_ENABLE_DEBUG_INFO = NO;
				MTL_FAST_MATH = YES;
				SDKROOT = iphoneos;
				SWIFT_COMPILATION_MODE = wholemodule;
				SWIFT_OPTIMIZATION_LEVEL = "-O";
				VALIDATE_PRODUCT = YES;
			};
			name = Release;
		};
		C46E31532785DB1B0075A248 /* Debug */ = {
			isa = XCBuildConfiguration;
			buildSettings = {
				ASSETCATALOG_COMPILER_APPICON_NAME = AppIcon;
				ASSETCATALOG_COMPILER_GLOBAL_ACCENT_COLOR_NAME = AccentColor;
				CODE_SIGN_STYLE = Automatic;
				CURRENT_PROJECT_VERSION = 1;
				DEVELOPMENT_TEAM = RH635DP52L;
				GENERATE_INFOPLIST_FILE = YES;
				INFOPLIST_FILE = WeatherApp/Info.plist;
				INFOPLIST_KEY_UIApplicationSupportsIndirectInputEvents = YES;
				INFOPLIST_KEY_UILaunchStoryboardName = LaunchScreen;
				INFOPLIST_KEY_UIMainStoryboardFile = Main;
				INFOPLIST_KEY_UISupportedInterfaceOrientations = "UIInterfaceOrientationLandscapeLeft UIInterfaceOrientationLandscapeRight";
				INFOPLIST_KEY_UISupportedInterfaceOrientations_iPad = "UIInterfaceOrientationPortrait UIInterfaceOrientationPortraitUpsideDown UIInterfaceOrientationLandscapeLeft UIInterfaceOrientationLandscapeRight";
				INFOPLIST_KEY_UISupportedInterfaceOrientations_iPhone = "UIInterfaceOrientationPortrait UIInterfaceOrientationLandscapeLeft UIInterfaceOrientationLandscapeRight";
				LD_RUNPATH_SEARCH_PATHS = (
					"$(inherited)",
					"@executable_path/Frameworks",
				);
				MARKETING_VERSION = 1.0;
				PRODUCT_BUNDLE_IDENTIFIER = com.ya.WeatherApp;
				PRODUCT_NAME = "$(TARGET_NAME)";
				SWIFT_EMIT_LOC_STRINGS = YES;
				SWIFT_VERSION = 5.0;
				TARGETED_DEVICE_FAMILY = "1,2";
			};
			name = Debug;
		};
		C46E31542785DB1B0075A248 /* Release */ = {
			isa = XCBuildConfiguration;
			buildSettings = {
				ASSETCATALOG_COMPILER_APPICON_NAME = AppIcon;
				ASSETCATALOG_COMPILER_GLOBAL_ACCENT_COLOR_NAME = AccentColor;
				CODE_SIGN_STYLE = Automatic;
				CURRENT_PROJECT_VERSION = 1;
				DEVELOPMENT_TEAM = RH635DP52L;
				GENERATE_INFOPLIST_FILE = YES;
				INFOPLIST_FILE = WeatherApp/Info.plist;
				INFOPLIST_KEY_UIApplicationSupportsIndirectInputEvents = YES;
				INFOPLIST_KEY_UILaunchStoryboardName = LaunchScreen;
				INFOPLIST_KEY_UIMainStoryboardFile = Main;
				INFOPLIST_KEY_UISupportedInterfaceOrientations = "UIInterfaceOrientationLandscapeLeft UIInterfaceOrientationLandscapeRight";
				INFOPLIST_KEY_UISupportedInterfaceOrientations_iPad = "UIInterfaceOrientationPortrait UIInterfaceOrientationPortraitUpsideDown UIInterfaceOrientationLandscapeLeft UIInterfaceOrientationLandscapeRight";
				INFOPLIST_KEY_UISupportedInterfaceOrientations_iPhone = "UIInterfaceOrientationPortrait UIInterfaceOrientationLandscapeLeft UIInterfaceOrientationLandscapeRight";
				LD_RUNPATH_SEARCH_PATHS = (
					"$(inherited)",
					"@executable_path/Frameworks",
				);
				MARKETING_VERSION = 1.0;
				PRODUCT_BUNDLE_IDENTIFIER = com.ya.WeatherApp;
				PRODUCT_NAME = "$(TARGET_NAME)";
				SWIFT_EMIT_LOC_STRINGS = YES;
				SWIFT_VERSION = 5.0;
				TARGETED_DEVICE_FAMILY = "1,2";
			};
			name = Release;
		};
/* End XCBuildConfiguration section */

/* Begin XCConfigurationList section */
		C46E31392785DB1A0075A248 /* Build configuration list for PBXProject "WeatherApp" */ = {
			isa = XCConfigurationList;
			buildConfigurations = (
				C46E31502785DB1B0075A248 /* Debug */,
				C46E31512785DB1B0075A248 /* Release */,
			);
			defaultConfigurationIsVisible = 0;
			defaultConfigurationName = Release;
		};
		C46E31522785DB1B0075A248 /* Build configuration list for PBXNativeTarget "WeatherApp" */ = {
			isa = XCConfigurationList;
			buildConfigurations = (
				C46E31532785DB1B0075A248 /* Debug */,
				C46E31542785DB1B0075A248 /* Release */,
			);
			defaultConfigurationIsVisible = 0;
			defaultConfigurationName = Release;
		};
/* End XCConfigurationList section */
	};
	rootObject = C46E31362785DB1A0075A248 /* Project object */;
}
